// !$*UTF8*$!
{
	archiveVersion = 1;
	classes = {
	};
	objectVersion = 46;
	objects = {

/* Begin PBXBuildFile section */
		59783AFA1BC6547D00A52C37 /* main.cpp in Sources */ = {isa = PBXBuildFile; fileRef = 59783AF91BC6547D00A52C37 /* main.cpp */; };
		59783B041BC6589600A52C37 /* Man.cpp in Sources */ = {isa = PBXBuildFile; fileRef = 59783B001BC6589600A52C37 /* Man.cpp */; };
		59783B051BC6589600A52C37 /* People.cpp in Sources */ = {isa = PBXBuildFile; fileRef = 59783B021BC6589600A52C37 /* People.cpp */; };
/* End PBXBuildFile section */

/* Begin PBXCopyFilesBuildPhase section */
		59783AF41BC6547D00A52C37 /* CopyFiles */ = {
			isa = PBXCopyFilesBuildPhase;
			buildActionMask = 2147483647;
			dstPath = /usr/share/man/man1/;
			dstSubfolderSpec = 0;
			files = (
			);
			runOnlyForDeploymentPostprocessing = 1;
		};
/* End PBXCopyFilesBuildPhase section */

/* Begin PBXFileReference section */
		59783AF61BC6547D00A52C37 /* L07Function */ = {isa = PBXFileReference; explicitFileType = "compiled.mach-o.executable"; includeInIndex = 0; path = L07Function; sourceTree = BUILT_PRODUCTS_DIR; };
		59783AF91BC6547D00A52C37 /* main.cpp */ = {isa = PBXFileReference; lastKnownFileType = sourcecode.cpp.cpp; path = main.cpp; sourceTree = "<group>"; };
		59783B001BC6589600A52C37 /* Man.cpp */ = {isa = PBXFileReference; fileEncoding = 4; lastKnownFileType = sourcecode.cpp.cpp; path = Man.cpp; sourceTree = "<group>"; };
		59783B011BC6589600A52C37 /* Man.h */ = {isa = PBXFileReference; fileEncoding = 4; lastKnownFileType = sourcecode.c.h; path = Man.h; sourceTree = "<group>"; };
		59783B021BC6589600A52C37 /* People.cpp */ = {isa = PBXFileReference; fileEncoding = 4; lastKnownFileType = sourcecode.cpp.cpp; path = People.cpp; sourceTree = "<group>"; };
		59783B031BC6589600A52C37 /* People.h */ = {isa = PBXFileReference; fileEncoding = 4; lastKnownFileType = sourcecode.c.h; path = People.h; sourceTree = "<group>"; };
/* End PBXFileReference section */

/* Begin PBXFrameworksBuildPhase section */
		59783AF31BC6547D00A52C37 /* Frameworks */ = {
			isa = PBXFrameworksBuildPhase;
			buildActionMask = 2147483647;
			files = (
			);
			runOnlyForDeploymentPostprocessing = 0;
		};
/* End PBXFrameworksBuildPhase section */

/* Begin PBXGroup section */
		59783AED1BC6547D00A52C37 = {
			isa = PBXGroup;
			children = (
				59783AF81BC6547D00A52C37 /* L07Function */,
				59783AF71BC6547D00A52C37 /* Products */,
			);
			sourceTree = "<group>";
		};
		59783AF71BC6547D00A52C37 /* Products */ = {
			isa = PBXGroup;
			children = (
				59783AF61BC6547D00A52C37 /* L07Function */,
			);
			name = Products;
			sourceTree = "<group>";
		};
		59783AF81BC6547D00A52C37 /* L07Function */ = {
			isa = PBXGroup;
			children = (
				59783B001BC6589600A52C37 /* Man.cpp */,
				59783B011BC6589600A52C37 /* Man.h */,
				59783B021BC6589600A52C37 /* People.cpp */,
				59783B031BC6589600A52C37 /* People.h */,
				59783AF91BC6547D00A52C37 /* main.cpp */,
			);
			path = L07Function;
			sourceTree = "<group>";
		};
/* End PBXGroup section */

/* Begin PBXNativeTarget section */
		59783AF51BC6547D00A52C37 /* L07Function */ = {
			isa = PBXNativeTarget;
			buildConfigurationList = 59783AFD1BC6547D00A52C37 /* Build configuration list for PBXNativeTarget "L07Function" */;
			buildPhases = (
				59783AF21BC6547D00A52C37 /* Sources */,
				59783AF31BC6547D00A52C37 /* Frameworks */,
				59783AF41BC6547D00A52C37 /* CopyFiles */,
			);
			buildRules = (
			);
			dependencies = (
			);
			name = L07Function;
			productName = L07Function;
			productReference = 59783AF61BC6547D00A52C37 /* L07Function */;
			productType = "com.apple.product-type.tool";
		};
/* End PBXNativeTarget section */

/* Begin PBXProject section */
		59783AEE1BC6547D00A52C37 /* Project object */ = {
			isa = PBXProject;
			attributes = {
				LastUpgradeCheck = 0640;
				ORGANIZATIONNAME = kai;
				TargetAttributes = {
					59783AF51BC6547D00A52C37 = {
						CreatedOnToolsVersion = 6.4;
					};
				};
			};
			buildConfigurationList = 59783AF11BC6547D00A52C37 /* Build configuration list for PBXProject "L07Function" */;
			compatibilityVersion = "Xcode 3.2";
			developmentRegion = English;
			hasScannedForEncodings = 0;
			knownRegions = (
				en,
			);
			mainGroup = 59783AED1BC6547D00A52C37;
			productRefGroup = 59783AF71BC6547D00A52C37 /* Products */;
			projectDirPath = "";
			projectRoot = "";
			targets = (
				59783AF51BC6547D00A52C37 /* L07Function */,
			);
		};
/* End PBXProject section */

/* Begin PBXSourcesBuildPhase section */
		59783AF21BC6547D00A52C37 /* Sources */ = {
			isa = PBXSourcesBuildPhase;
			buildActionMask = 2147483647;
			files = (
				59783B041BC6589600A52C37 /* Man.cpp in Sources */,
				59783B051BC6589600A52C37 /* People.cpp in Sources */,
				59783AFA1BC6547D00A52C37 /* main.cpp in Sources */,
			);
			runOnlyForDeploymentPostprocessing = 0;
		};
/* End PBXSourcesBuildPhase section */

/* Begin XCBuildConfiguration section */
		59783AFB1BC6547D00A52C37 /* Debug */ = {
			isa = XCBuildConfiguration;
			buildSettings = {
				ALWAYS_SEARCH_USER_PATHS = NO;
				CLANG_CXX_LANGUAGE_STANDARD = "gnu++0x";
				CLANG_CXX_LIBRARY = "libc++";
				CLANG_ENABLE_MODULES = YES;
				CLANG_ENABLE_OBJC_ARC = YES;
				CLANG_WARN_BOOL_CONVERSION = YES;
				CLANG_WARN_CONSTANT_CONVERSION = YES;
				CLANG_WARN_DIRECT_OBJC_ISA_USAGE = YES_ERROR;
				CLANG_WARN_EMPTY_BODY = YES;
				CLANG_WARN_ENUM_CONVERSION = YES;
				CLANG_WARN_INT_CONVERSION = YES;
				CLANG_WARN_OBJC_ROOT_CLASS = YES_ERROR;
				CLANG_WARN_UNREACHABLE_CODE = YES;
				CLANG_WARN__DUPLICATE_METHOD_MATCH = YES;
				COPY_PHASE_STRIP = NO;
				DEBUG_INFORMATION_FORMAT = dwarf;
				ENABLE_STRICT_OBJC_MSGSEND = YES;
				GCC_C_LANGUAGE_STANDARD = gnu99;
				GCC_DYNAMIC_NO_PIC = NO;
				GCC_NO_COMMON_BLOCKS = YES;
				GCC_OPTIMIZATION_LEVEL = 0;
				GCC_PREPROCESSOR_DEFINITIONS = (
					"DEBUG=1",
					"$(inherited)",
				);
				GCC_SYMBOLS_PRIVATE_EXTERN = NO;
				GCC_WARN_64_TO_32_BIT_CONVERSION = YES;
				GCC_WARN_ABOUT_RETURN_TYPE = YES_ERROR;
				GCC_WARN_UNDECLARED_SELECTOR = YES;
				GCC_WARN_UNINITIALIZED_AUTOS = YES_AGGRESSIVE;
				GCC_WARN_UNUSED_FUNCTION = YES;
				GCC_WARN_UNUSED_VARIABLE = YES;
				MACOSX_DEPLOYMENT_TARGET = 10.10;
				MTL_ENABLE_DEBUG_INFO = YES;
				ONLY_ACTIVE_ARCH = YES;
				SDKROOT = macosx;
			};
			name = Debug;
		};
		59783AFC1BC6547D00A52C37 /* Release */ = {
			isa = XCBuildConfiguration;
			buildSettings = {
				ALWAYS_SEARCH_USER_PATHS = NO;
				CLANG_CXX_LANGUAGE_STANDARD = "gnu++0x";
				CLANG_CXX_LIBRARY = "libc++";
				CLANG_ENABLE_MODULES = YES;
				CLANG_ENABLE_OBJC_ARC = YES;
				CLANG_WARN_BOOL_CONVERSION = YES;
				CLANG_WARN_CONSTANT_CONVERSION = YES;
				CLANG_WARN_DIRECT_OBJC_ISA_USAGE = YES_ERROR;
				CLANG_WARN_EMPTY_BODY = YES;
				CLANG_WARN_ENUM_CONVERSION = YES;
				CLANG_WARN_INT_CONVERSION = YES;
				CLANG_WARN_OBJC_ROOT_CLASS = YES_ERROR;
				CLANG_WARN_UNREACHABLE_CODE = YES;
				CLANG_WARN__DUPLICATE_METHOD_MATCH = YES;
				COPY_PHASE_STRIP = NO;
				DEBUG_INFORMATION_FORMAT = "dwarf-with-dsym";
				ENABLE_NS_ASSERTIONS = NO;
				ENABLE_STRICT_OBJC_MSGSEND = YES;
				GCC_C_LANGUAGE_STANDARD = gnu99;
				GCC_NO_COMMON_BLOCKS = YES;
				GCC_WARN_64_TO_32_BIT_CONVERSION = YES;
				GCC_WARN_ABOUT_RETURN_TYPE = YES_ERROR;
				GCC_WARN_UNDECLARED_SELECTOR = YES;
				GCC_WARN_UNINITIALIZED_AUTOS = YES_AGGRESSIVE;
				GCC_WARN_UNUSED_FUNCTION = YES;
				GCC_WARN_UNUSED_VARIABLE = YES;
				MACOSX_DEPLOYMENT_TARGET = 10.10;
				MTL_ENABLE_DEBUG_INFO = NO;
				SDKROOT = macosx;
			};
			name = Release;
		};
		59783AFE1BC6547D00A52C37 /* Debug */ = {
			isa = XCBuildConfiguration;
			buildSettings = {
				PRODUCT_NAME = "$(TARGET_NAME)";
			};
			name = Debug;
		};
		59783AFF1BC6547D00A52C37 /* Release */ = {
			isa = XCBuildConfiguration;
			buildSettings = {
				PRODUCT_NAME = "$(TARGET_NAME)";
			};
			name = Release;
		};
/* End XCBuildConfiguration section */

/* Begin XCConfigurationList section */
		59783AF11BC6547D00A52C37 /* Build configuration list for PBXProject "L07Function" */ = {
			isa = XCConfigurationList;
			buildConfigurations = (
				59783AFB1BC6547D00A52C37 /* Debug */,
				59783AFC1BC6547D00A52C37 /* Release */,
			);
			defaultConfigurationIsVisible = 0;
			defaultConfigurationName = Release;
		};
		59783AFD1BC6547D00A52C37 /* Build configuration list for PBXNativeTarget "L07Function" */ = {
			isa = XCConfigurationList;
			buildConfigurations = (
				59783AFE1BC6547D00A52C37 /* Debug */,
				59783AFF1BC6547D00A52C37 /* Release */,
			);
			defaultConfigurationIsVisible = 0;
		};
/* End XCConfigurationList section */
	};
	rootObject = 59783AEE1BC6547D00A52C37 /* Project object */;
}
